
Microsoft Visual Studio Solution File, Format Version 12.00
# Visual Studio Version 17
VisualStudioVersion = 17.10.35122.118
MinimumVisualStudioVersion = 10.0.40219.1
Project("{FAE04EC0-301F-11D3-BF4B-00C04F79EFBC}") = "VotingAPI", "VotingAPI\VotingAPI.csproj", "{0CFE1E59-1F44-4B1B-A5FB-31BDCEAEEC59}"
EndProject
Global
	GlobalSection(SolutionConfigurationPlatforms) = preSolution
		Debug|Any CPU = Debug|Any CPU
		Release|Any CPU = Release|Any CPU
	EndGlobalSection
	GlobalSection(ProjectConfigurationPlatforms) = postSolution
		{0CFE1E59-1F44-4B1B-A5FB-31BDCEAEEC59}.Debug|Any CPU.ActiveCfg = Debug|Any CPU
		{0CFE1E59-1F44-4B1B-A5FB-31BDCEAEEC59}.Debug|Any CPU.Build.0 = Debug|Any CPU
		{0CFE1E59-1F44-4B1B-A5FB-31BDCEAEEC59}.Release|Any CPU.ActiveCfg = Release|Any CPU
		{0CFE1E59-1F44-4B1B-A5FB-31BDCEAEEC59}.Release|Any CPU.Build.0 = Release|Any CPU
	EndGlobalSection
	GlobalSection(SolutionProperties) = preSolution
		HideSolutionNode = FALSE
	EndGlobalSection
	GlobalSection(ExtensibilityGlobals) = postSolution
		SolutionGuid = {A84F4BCF-2302-4DC4-9C73-55C33602AE46}
	EndGlobalSection
EndGlobal
